// !$*UTF8*$!
{
	archiveVersion = 1;
	classes = {
	};
	objectVersion = 46;
	objects = {

/* Begin PBXBuildFile section */
		1152DC7DF7F9A6C4B71E4ABD /* libPods-teamioUITests.a in Frameworks */ = {isa = PBXBuildFile; fileRef = F571D35F29141120908F9C68 /* libPods-teamioUITests.a */; };
		8154006DEA9BDBBA8BB174BA /* libPods-teamioTests.a in Frameworks */ = {isa = PBXBuildFile; fileRef = 57F6F4BC979DA45859E3277D /* libPods-teamioTests.a */; };
		B28500001D3F332200DC0178 /* secrets.plist in Resources */ = {isa = PBXBuildFile; fileRef = B285FFFF1D3F332200DC0178 /* secrets.plist */; };
		B28500031D3F375F00DC0178 /* TMIOUserProfileViewController.m in Sources */ = {isa = PBXBuildFile; fileRef = B28500021D3F375F00DC0178 /* TMIOUserProfileViewController.m */; };
		B287FCAA1D405E050065F5F2 /* TMIOUser+CoreDataProperties.m in Sources */ = {isa = PBXBuildFile; fileRef = B287FCA71D405E050065F5F2 /* TMIOUser+CoreDataProperties.m */; };
		B287FCAB1D405E050065F5F2 /* TMIOUser.m in Sources */ = {isa = PBXBuildFile; fileRef = B287FCA91D405E050065F5F2 /* TMIOUser.m */; };
		B287FCAF1D4088840065F5F2 /* TMIOUserProfileHeaderCell.m in Sources */ = {isa = PBXBuildFile; fileRef = B287FCAD1D4088840065F5F2 /* TMIOUserProfileHeaderCell.m */; };
		B287FCB01D4088840065F5F2 /* TMIOUserProfileHeaderCell.xib in Resources */ = {isa = PBXBuildFile; fileRef = B287FCAE1D4088840065F5F2 /* TMIOUserProfileHeaderCell.xib */; };
		B287FCB71D40A2CE0065F5F2 /* AFHTTPSessionManager+TMIO.m in Sources */ = {isa = PBXBuildFile; fileRef = B287FCB61D40A2CE0065F5F2 /* AFHTTPSessionManager+TMIO.m */; };
		B2C118801D4195C700CEF532 /* TMIOActionButtonCell.m in Sources */ = {isa = PBXBuildFile; fileRef = B2C1187E1D4195C700CEF532 /* TMIOActionButtonCell.m */; };
		B2C118811D4195C700CEF532 /* TMIOActionButtonCell.xib in Resources */ = {isa = PBXBuildFile; fileRef = B2C1187F1D4195C700CEF532 /* TMIOActionButtonCell.xib */; };
		B2DF73B61D3F0553000D4998 /* main.m in Sources */ = {isa = PBXBuildFile; fileRef = B2DF73B51D3F0553000D4998 /* main.m */; };
		B2DF73B91D3F0553000D4998 /* TMIOAppDelegate.m in Sources */ = {isa = PBXBuildFile; fileRef = B2DF73B81D3F0553000D4998 /* TMIOAppDelegate.m */; };
		B2DF73BC1D3F0553000D4998 /* TMIOUserListViewController.m in Sources */ = {isa = PBXBuildFile; fileRef = B2DF73BB1D3F0553000D4998 /* TMIOUserListViewController.m */; };
		B2DF73C11D3F0553000D4998 /* Assets.xcassets in Resources */ = {isa = PBXBuildFile; fileRef = B2DF73C01D3F0553000D4998 /* Assets.xcassets */; };
		B2DF73C41D3F0553000D4998 /* LaunchScreen.storyboard in Resources */ = {isa = PBXBuildFile; fileRef = B2DF73C21D3F0553000D4998 /* LaunchScreen.storyboard */; };
		B2DF73CF1D3F0553000D4998 /* teamioTests.m in Sources */ = {isa = PBXBuildFile; fileRef = B2DF73CE1D3F0553000D4998 /* teamioTests.m */; };
		B2DF73DA1D3F0553000D4998 /* teamioUITests.m in Sources */ = {isa = PBXBuildFile; fileRef = B2DF73D91D3F0553000D4998 /* teamioUITests.m */; };
		B2E4FEBE1D3F49030044FD8C /* Model.xcdatamodeld in Sources */ = {isa = PBXBuildFile; fileRef = B2E4FEBC1D3F49030044FD8C /* Model.xcdatamodeld */; };
		FE2B1679E9C360DD245EAAAC /* libPods-teamio.a in Frameworks */ = {isa = PBXBuildFile; fileRef = C15C8D6E8549B47050144252 /* libPods-teamio.a */; };
/* End PBXBuildFile section */

/* Begin PBXContainerItemProxy section */
		B2DF73CB1D3F0553000D4998 /* PBXContainerItemProxy */ = {
			isa = PBXContainerItemProxy;
			containerPortal = B2DF73A91D3F0553000D4998 /* Project object */;
			proxyType = 1;
			remoteGlobalIDString = B2DF73B01D3F0553000D4998;
			remoteInfo = teamio;
		};
		B2DF73D61D3F0553000D4998 /* PBXContainerItemProxy */ = {
			isa = PBXContainerItemProxy;
			containerPortal = B2DF73A91D3F0553000D4998 /* Project object */;
			proxyType = 1;
			remoteGlobalIDString = B2DF73B01D3F0553000D4998;
			remoteInfo = teamio;
		};
/* End PBXContainerItemProxy section */

/* Begin PBXFileReference section */
		231D904385BDC5B24D3E1BC5 /* Pods-teamio.debug.xcconfig */ = {isa = PBXFileReference; includeInIndex = 1; lastKnownFileType = text.xcconfig; name = "Pods-teamio.debug.xcconfig"; path = "Pods/Target Support Files/Pods-teamio/Pods-teamio.debug.xcconfig"; sourceTree = "<group>"; };
		4A36FC3F7E06AA6C2C821369 /* Pods-teamio.release.xcconfig */ = {isa = PBXFileReference; includeInIndex = 1; lastKnownFileType = text.xcconfig; name = "Pods-teamio.release.xcconfig"; path = "Pods/Target Support Files/Pods-teamio/Pods-teamio.release.xcconfig"; sourceTree = "<group>"; };
		57F6F4BC979DA45859E3277D /* libPods-teamioTests.a */ = {isa = PBXFileReference; explicitFileType = archive.ar; includeInIndex = 0; path = "libPods-teamioTests.a"; sourceTree = BUILT_PRODUCTS_DIR; };
		60253A27D78E7660A96CEA03 /* Pods-teamioTests.debug.xcconfig */ = {isa = PBXFileReference; includeInIndex = 1; lastKnownFileType = text.xcconfig; name = "Pods-teamioTests.debug.xcconfig"; path = "Pods/Target Support Files/Pods-teamioTests/Pods-teamioTests.debug.xcconfig"; sourceTree = "<group>"; };
		B255AA8F1D405511003B0977 /* CoreData.framework */ = {isa = PBXFileReference; lastKnownFileType = wrapper.framework; name = CoreData.framework; path = System/Library/Frameworks/CoreData.framework; sourceTree = SDKROOT; };
		B28500011D3F375F00DC0178 /* TMIOUserProfileViewController.h */ = {isa = PBXFileReference; fileEncoding = 4; lastKnownFileType = sourcecode.c.h; name = TMIOUserProfileViewController.h; path = Controllers/TMIOUserProfileViewController.h; sourceTree = "<group>"; };
		B28500021D3F375F00DC0178 /* TMIOUserProfileViewController.m */ = {isa = PBXFileReference; fileEncoding = 4; lastKnownFileType = sourcecode.c.objc; name = TMIOUserProfileViewController.m; path = Controllers/TMIOUserProfileViewController.m; sourceTree = "<group>"; };
		B285FFFF1D3F332200DC0178 /* secrets.plist */ = {isa = PBXFileReference; fileEncoding = 4; lastKnownFileType = text.plist.xml; path = secrets.plist; sourceTree = "<group>"; };
		B287FCA61D405E050065F5F2 /* TMIOUser+CoreDataProperties.h */ = {isa = PBXFileReference; fileEncoding = 4; lastKnownFileType = sourcecode.c.h; name = "TMIOUser+CoreDataProperties.h"; path = "Models/TMIOUser+CoreDataProperties.h"; sourceTree = "<group>"; };
		B287FCA71D405E050065F5F2 /* TMIOUser+CoreDataProperties.m */ = {isa = PBXFileReference; fileEncoding = 4; lastKnownFileType = sourcecode.c.objc; name = "TMIOUser+CoreDataProperties.m"; path = "Models/TMIOUser+CoreDataProperties.m"; sourceTree = "<group>"; };
		B287FCA81D405E050065F5F2 /* TMIOUser.h */ = {isa = PBXFileReference; fileEncoding = 4; lastKnownFileType = sourcecode.c.h; name = TMIOUser.h; path = Models/TMIOUser.h; sourceTree = "<group>"; };
		B287FCA91D405E050065F5F2 /* TMIOUser.m */ = {isa = PBXFileReference; fileEncoding = 4; lastKnownFileType = sourcecode.c.objc; name = TMIOUser.m; path = Models/TMIOUser.m; sourceTree = "<group>"; };
		B287FCAC1D4088840065F5F2 /* TMIOUserProfileHeaderCell.h */ = {isa = PBXFileReference; fileEncoding = 4; lastKnownFileType = sourcecode.c.h; name = TMIOUserProfileHeaderCell.h; path = Views/TMIOUserProfileHeaderCell.h; sourceTree = "<group>"; };
		B287FCAD1D4088840065F5F2 /* TMIOUserProfileHeaderCell.m */ = {isa = PBXFileReference; fileEncoding = 4; lastKnownFileType = sourcecode.c.objc; name = TMIOUserProfileHeaderCell.m; path = Views/TMIOUserProfileHeaderCell.m; sourceTree = "<group>"; };
		B287FCAE1D4088840065F5F2 /* TMIOUserProfileHeaderCell.xib */ = {isa = PBXFileReference; fileEncoding = 4; lastKnownFileType = file.xib; name = TMIOUserProfileHeaderCell.xib; path = Views/TMIOUserProfileHeaderCell.xib; sourceTree = "<group>"; };
		B287FCB51D40A2CE0065F5F2 /* AFHTTPSessionManager+TMIO.h */ = {isa = PBXFileReference; fileEncoding = 4; lastKnownFileType = sourcecode.c.h; name = "AFHTTPSessionManager+TMIO.h"; path = "Categories/AFHTTPSessionManager+TMIO.h"; sourceTree = "<group>"; };
		B287FCB61D40A2CE0065F5F2 /* AFHTTPSessionManager+TMIO.m */ = {isa = PBXFileReference; fileEncoding = 4; lastKnownFileType = sourcecode.c.objc; name = "AFHTTPSessionManager+TMIO.m"; path = "Categories/AFHTTPSessionManager+TMIO.m"; sourceTree = "<group>"; };
		B2C1187D1D4195C700CEF532 /* TMIOActionButtonCell.h */ = {isa = PBXFileReference; fileEncoding = 4; lastKnownFileType = sourcecode.c.h; name = TMIOActionButtonCell.h; path = Views/TMIOActionButtonCell.h; sourceTree = "<group>"; };
		B2C1187E1D4195C700CEF532 /* TMIOActionButtonCell.m */ = {isa = PBXFileReference; fileEncoding = 4; lastKnownFileType = sourcecode.c.objc; name = TMIOActionButtonCell.m; path = Views/TMIOActionButtonCell.m; sourceTree = "<group>"; };
		B2C1187F1D4195C700CEF532 /* TMIOActionButtonCell.xib */ = {isa = PBXFileReference; fileEncoding = 4; lastKnownFileType = file.xib; name = TMIOActionButtonCell.xib; path = Views/TMIOActionButtonCell.xib; sourceTree = "<group>"; };
		B2DF73B11D3F0553000D4998 /* teamio.app */ = {isa = PBXFileReference; explicitFileType = wrapper.application; includeInIndex = 0; path = teamio.app; sourceTree = BUILT_PRODUCTS_DIR; };
		B2DF73B51D3F0553000D4998 /* main.m */ = {isa = PBXFileReference; lastKnownFileType = sourcecode.c.objc; path = main.m; sourceTree = "<group>"; };
		B2DF73B71D3F0553000D4998 /* TMIOAppDelegate.h */ = {isa = PBXFileReference; lastKnownFileType = sourcecode.c.h; path = TMIOAppDelegate.h; sourceTree = "<group>"; };
		B2DF73B81D3F0553000D4998 /* TMIOAppDelegate.m */ = {isa = PBXFileReference; lastKnownFileType = sourcecode.c.objc; path = TMIOAppDelegate.m; sourceTree = "<group>"; };
		B2DF73BA1D3F0553000D4998 /* TMIOUserListViewController.h */ = {isa = PBXFileReference; lastKnownFileType = sourcecode.c.h; name = TMIOUserListViewController.h; path = Controllers/TMIOUserListViewController.h; sourceTree = "<group>"; };
		B2DF73BB1D3F0553000D4998 /* TMIOUserListViewController.m */ = {isa = PBXFileReference; lastKnownFileType = sourcecode.c.objc; name = TMIOUserListViewController.m; path = Controllers/TMIOUserListViewController.m; sourceTree = "<group>"; };
		B2DF73C01D3F0553000D4998 /* Assets.xcassets */ = {isa = PBXFileReference; lastKnownFileType = folder.assetcatalog; name = Assets.xcassets; path = Resources/Assets.xcassets; sourceTree = "<group>"; };
		B2DF73C31D3F0553000D4998 /* Base */ = {isa = PBXFileReference; lastKnownFileType = file.storyboard; name = Base; path = Base.lproj/LaunchScreen.storyboard; sourceTree = "<group>"; };
		B2DF73C51D3F0553000D4998 /* Info.plist */ = {isa = PBXFileReference; lastKnownFileType = text.plist.xml; path = Info.plist; sourceTree = "<group>"; };
		B2DF73CA1D3F0553000D4998 /* teamioTests.xctest */ = {isa = PBXFileReference; explicitFileType = wrapper.cfbundle; includeInIndex = 0; path = teamioTests.xctest; sourceTree = BUILT_PRODUCTS_DIR; };
		B2DF73CE1D3F0553000D4998 /* teamioTests.m */ = {isa = PBXFileReference; lastKnownFileType = sourcecode.c.objc; path = teamioTests.m; sourceTree = "<group>"; };
		B2DF73D01D3F0553000D4998 /* Info.plist */ = {isa = PBXFileReference; lastKnownFileType = text.plist.xml; path = Info.plist; sourceTree = "<group>"; };
		B2DF73D51D3F0553000D4998 /* teamioUITests.xctest */ = {isa = PBXFileReference; explicitFileType = wrapper.cfbundle; includeInIndex = 0; path = teamioUITests.xctest; sourceTree = BUILT_PRODUCTS_DIR; };
		B2DF73D91D3F0553000D4998 /* teamioUITests.m */ = {isa = PBXFileReference; lastKnownFileType = sourcecode.c.objc; path = teamioUITests.m; sourceTree = "<group>"; };
		B2DF73DB1D3F0553000D4998 /* Info.plist */ = {isa = PBXFileReference; lastKnownFileType = text.plist.xml; path = Info.plist; sourceTree = "<group>"; };
		B2E4FEBD1D3F49030044FD8C /* Model.xcdatamodel */ = {isa = PBXFileReference; lastKnownFileType = wrapper.xcdatamodel; path = Model.xcdatamodel; sourceTree = "<group>"; };
		C0B00841BE0DEB10DA0CB475 /* Pods-teamioTests.release.xcconfig */ = {isa = PBXFileReference; includeInIndex = 1; lastKnownFileType = text.xcconfig; name = "Pods-teamioTests.release.xcconfig"; path = "Pods/Target Support Files/Pods-teamioTests/Pods-teamioTests.release.xcconfig"; sourceTree = "<group>"; };
		C15C8D6E8549B47050144252 /* libPods-teamio.a */ = {isa = PBXFileReference; explicitFileType = archive.ar; includeInIndex = 0; path = "libPods-teamio.a"; sourceTree = BUILT_PRODUCTS_DIR; };
		C5261362962782C3ED54B8DA /* Pods-teamioUITests.release.xcconfig */ = {isa = PBXFileReference; includeInIndex = 1; lastKnownFileType = text.xcconfig; name = "Pods-teamioUITests.release.xcconfig"; path = "Pods/Target Support Files/Pods-teamioUITests/Pods-teamioUITests.release.xcconfig"; sourceTree = "<group>"; };
		D7D10A8E4CFA1B4D71FDBCEA /* Pods-teamioUITests.debug.xcconfig */ = {isa = PBXFileReference; includeInIndex = 1; lastKnownFileType = text.xcconfig; name = "Pods-teamioUITests.debug.xcconfig"; path = "Pods/Target Support Files/Pods-teamioUITests/Pods-teamioUITests.debug.xcconfig"; sourceTree = "<group>"; };
		F571D35F29141120908F9C68 /* libPods-teamioUITests.a */ = {isa = PBXFileReference; explicitFileType = archive.ar; includeInIndex = 0; path = "libPods-teamioUITests.a"; sourceTree = BUILT_PRODUCTS_DIR; };
/* End PBXFileReference section */

/* Begin PBXFrameworksBuildPhase section */
		B2DF73AE1D3F0553000D4998 /* Frameworks */ = {
			isa = PBXFrameworksBuildPhase;
			buildActionMask = 2147483647;
			files = (
				FE2B1679E9C360DD245EAAAC /* libPods-teamio.a in Frameworks */,
			);
			runOnlyForDeploymentPostprocessing = 0;
		};
		B2DF73C71D3F0553000D4998 /* Frameworks */ = {
			isa = PBXFrameworksBuildPhase;
			buildActionMask = 2147483647;
			files = (
				8154006DEA9BDBBA8BB174BA /* libPods-teamioTests.a in Frameworks */,
			);
			runOnlyForDeploymentPostprocessing = 0;
		};
		B2DF73D21D3F0553000D4998 /* Frameworks */ = {
			isa = PBXFrameworksBuildPhase;
			buildActionMask = 2147483647;
			files = (
				1152DC7DF7F9A6C4B71E4ABD /* libPods-teamioUITests.a in Frameworks */,
			);
			runOnlyForDeploymentPostprocessing = 0;
		};
/* End PBXFrameworksBuildPhase section */

/* Begin PBXGroup section */
		3B90084FF286E0CFB7FA7347 /* Pods */ = {
			isa = PBXGroup;
			children = (
				231D904385BDC5B24D3E1BC5 /* Pods-teamio.debug.xcconfig */,
				4A36FC3F7E06AA6C2C821369 /* Pods-teamio.release.xcconfig */,
				60253A27D78E7660A96CEA03 /* Pods-teamioTests.debug.xcconfig */,
				C0B00841BE0DEB10DA0CB475 /* Pods-teamioTests.release.xcconfig */,
				D7D10A8E4CFA1B4D71FDBCEA /* Pods-teamioUITests.debug.xcconfig */,
				C5261362962782C3ED54B8DA /* Pods-teamioUITests.release.xcconfig */,
			);
			name = Pods;
			sourceTree = "<group>";
		};
		68E2BD09B218744BC27CC330 /* Frameworks */ = {
			isa = PBXGroup;
			children = (
				B255AA8F1D405511003B0977 /* CoreData.framework */,
				C15C8D6E8549B47050144252 /* libPods-teamio.a */,
				57F6F4BC979DA45859E3277D /* libPods-teamioTests.a */,
				F571D35F29141120908F9C68 /* libPods-teamioUITests.a */,
			);
			name = Frameworks;
			sourceTree = "<group>";
		};
		B285FFFC1D3F144F00DC0178 /* Controllers */ = {
			isa = PBXGroup;
			children = (
				B2DF73BA1D3F0553000D4998 /* TMIOUserListViewController.h */,
				B2DF73BB1D3F0553000D4998 /* TMIOUserListViewController.m */,
				B28500011D3F375F00DC0178 /* TMIOUserProfileViewController.h */,
				B28500021D3F375F00DC0178 /* TMIOUserProfileViewController.m */,
			);
			name = Controllers;
			sourceTree = "<group>";
		};
		B285FFFD1D3F1BD500DC0178 /* Resources */ = {
			isa = PBXGroup;
			children = (
				B2DF73C01D3F0553000D4998 /* Assets.xcassets */,
			);
			name = Resources;
			sourceTree = "<group>";
		};
		B285FFFE1D3F1BDD00DC0178 /* Views */ = {
			isa = PBXGroup;
			children = (
				B2DF73C21D3F0553000D4998 /* LaunchScreen.storyboard */,
				B287FCAC1D4088840065F5F2 /* TMIOUserProfileHeaderCell.h */,
				B287FCAD1D4088840065F5F2 /* TMIOUserProfileHeaderCell.m */,
				B287FCAE1D4088840065F5F2 /* TMIOUserProfileHeaderCell.xib */,
				B2C1187D1D4195C700CEF532 /* TMIOActionButtonCell.h */,
				B2C1187E1D4195C700CEF532 /* TMIOActionButtonCell.m */,
				B2C1187F1D4195C700CEF532 /* TMIOActionButtonCell.xib */,
			);
			name = Views;
			sourceTree = "<group>";
		};
		B287FCB81D40A2DC0065F5F2 /* Categories */ = {
			isa = PBXGroup;
			children = (
				B287FCB51D40A2CE0065F5F2 /* AFHTTPSessionManager+TMIO.h */,
				B287FCB61D40A2CE0065F5F2 /* AFHTTPSessionManager+TMIO.m */,
			);
			name = Categories;
			sourceTree = "<group>";
		};
		B2DF73A81D3F0553000D4998 = {
			isa = PBXGroup;
			children = (
				B2DF73B31D3F0553000D4998 /* teamio */,
				B2DF73CD1D3F0553000D4998 /* teamioTests */,
				B2DF73D81D3F0553000D4998 /* teamioUITests */,
				B2DF73B21D3F0553000D4998 /* Products */,
				3B90084FF286E0CFB7FA7347 /* Pods */,
				68E2BD09B218744BC27CC330 /* Frameworks */,
			);
			sourceTree = "<group>";
		};
		B2DF73B21D3F0553000D4998 /* Products */ = {
			isa = PBXGroup;
			children = (
				B2DF73B11D3F0553000D4998 /* teamio.app */,
				B2DF73CA1D3F0553000D4998 /* teamioTests.xctest */,
				B2DF73D51D3F0553000D4998 /* teamioUITests.xctest */,
			);
			name = Products;
			sourceTree = "<group>";
		};
		B2DF73B31D3F0553000D4998 /* teamio */ = {
			isa = PBXGroup;
			children = (
				B2DF73B71D3F0553000D4998 /* TMIOAppDelegate.h */,
				B2DF73B81D3F0553000D4998 /* TMIOAppDelegate.m */,
				B287FCB81D40A2DC0065F5F2 /* Categories */,
				B2E4FEBF1D3F490B0044FD8C /* Models */,
				B285FFFE1D3F1BDD00DC0178 /* Views */,
				B285FFFC1D3F144F00DC0178 /* Controllers */,
				B285FFFD1D3F1BD500DC0178 /* Resources */,
				B2DF73B41D3F0553000D4998 /* Supporting Files */,
			);
			path = teamio;
			sourceTree = "<group>";
		};
		B2DF73B41D3F0553000D4998 /* Supporting Files */ = {
			isa = PBXGroup;
			children = (
				B2DF73C51D3F0553000D4998 /* Info.plist */,
				B2DF73B51D3F0553000D4998 /* main.m */,
				B285FFFF1D3F332200DC0178 /* secrets.plist */,
			);
			name = "Supporting Files";
			sourceTree = "<group>";
		};
		B2DF73CD1D3F0553000D4998 /* teamioTests */ = {
			isa = PBXGroup;
			children = (
				B2DF73CE1D3F0553000D4998 /* teamioTests.m */,
				B2DF73D01D3F0553000D4998 /* Info.plist */,
			);
			path = teamioTests;
			sourceTree = "<group>";
		};
		B2DF73D81D3F0553000D4998 /* teamioUITests */ = {
			isa = PBXGroup;
			children = (
				B2DF73D91D3F0553000D4998 /* teamioUITests.m */,
				B2DF73DB1D3F0553000D4998 /* Info.plist */,
			);
			path = teamioUITests;
			sourceTree = "<group>";
		};
		B2E4FEBF1D3F490B0044FD8C /* Models */ = {
			isa = PBXGroup;
			children = (
				B287FCA61D405E050065F5F2 /* TMIOUser+CoreDataProperties.h */,
				B287FCA71D405E050065F5F2 /* TMIOUser+CoreDataProperties.m */,
				B287FCA81D405E050065F5F2 /* TMIOUser.h */,
				B287FCA91D405E050065F5F2 /* TMIOUser.m */,
				B2E4FEBC1D3F49030044FD8C /* Model.xcdatamodeld */,
			);
			name = Models;
			sourceTree = "<group>";
		};
/* End PBXGroup section */

/* Begin PBXNativeTarget section */
		B2DF73B01D3F0553000D4998 /* teamio */ = {
			isa = PBXNativeTarget;
			buildConfigurationList = B2DF73DE1D3F0553000D4998 /* Build configuration list for PBXNativeTarget "teamio" */;
			buildPhases = (
				1D68C28EDCA00C85072A9C53 /* [CP] Check Pods Manifest.lock */,
				B2DF73AD1D3F0553000D4998 /* Sources */,
				B2DF73AE1D3F0553000D4998 /* Frameworks */,
				B2DF73AF1D3F0553000D4998 /* Resources */,
				6F825744EFFD5CA692134744 /* [CP] Embed Pods Frameworks */,
				05984A5C0A9A667F7F1B0317 /* [CP] Copy Pods Resources */,
			);
			buildRules = (
			);
			dependencies = (
			);
			name = teamio;
			productName = teamio;
			productReference = B2DF73B11D3F0553000D4998 /* teamio.app */;
			productType = "com.apple.product-type.application";
		};
		B2DF73C91D3F0553000D4998 /* teamioTests */ = {
			isa = PBXNativeTarget;
			buildConfigurationList = B2DF73E11D3F0553000D4998 /* Build configuration list for PBXNativeTarget "teamioTests" */;
			buildPhases = (
				783FD5C96FE47506392E0DA8 /* [CP] Check Pods Manifest.lock */,
				B2DF73C61D3F0553000D4998 /* Sources */,
				B2DF73C71D3F0553000D4998 /* Frameworks */,
				B2DF73C81D3F0553000D4998 /* Resources */,
				1191F09EF2C750125E463B76 /* [CP] Embed Pods Frameworks */,
				DE60D034A1D1686A0DBF2879 /* [CP] Copy Pods Resources */,
			);
			buildRules = (
			);
			dependencies = (
				B2DF73CC1D3F0553000D4998 /* PBXTargetDependency */,
			);
			name = teamioTests;
			productName = teamioTests;
			productReference = B2DF73CA1D3F0553000D4998 /* teamioTests.xctest */;
			productType = "com.apple.product-type.bundle.unit-test";
		};
		B2DF73D41D3F0553000D4998 /* teamioUITests */ = {
			isa = PBXNativeTarget;
			buildConfigurationList = B2DF73E41D3F0553000D4998 /* Build configuration list for PBXNativeTarget "teamioUITests" */;
			buildPhases = (
				FFECA0028C8C058D39B626B9 /* [CP] Check Pods Manifest.lock */,
				B2DF73D11D3F0553000D4998 /* Sources */,
				B2DF73D21D3F0553000D4998 /* Frameworks */,
				B2DF73D31D3F0553000D4998 /* Resources */,
				62A3CEE1F1D48792C9529B3E /* [CP] Copy Pods Resources */,
			);
			buildRules = (
			);
			dependencies = (
				B2DF73D71D3F0553000D4998 /* PBXTargetDependency */,
			);
			name = teamioUITests;
			productName = teamioUITests;
			productReference = B2DF73D51D3F0553000D4998 /* teamioUITests.xctest */;
			productType = "com.apple.product-type.bundle.ui-testing";
		};
/* End PBXNativeTarget section */

/* Begin PBXProject section */
		B2DF73A91D3F0553000D4998 /* Project object */ = {
			isa = PBXProject;
			attributes = {
				CLASSPREFIX = TMIO;
				LastUpgradeCheck = 0730;
				ORGANIZATIONNAME = "New School Old School";
				TargetAttributes = {
					B2DF73B01D3F0553000D4998 = {
						CreatedOnToolsVersion = 7.3.1;
					};
					B2DF73C91D3F0553000D4998 = {
						CreatedOnToolsVersion = 7.3.1;
						TestTargetID = B2DF73B01D3F0553000D4998;
					};
					B2DF73D41D3F0553000D4998 = {
						CreatedOnToolsVersion = 7.3.1;
						TestTargetID = B2DF73B01D3F0553000D4998;
					};
				};
			};
			buildConfigurationList = B2DF73AC1D3F0553000D4998 /* Build configuration list for PBXProject "teamio" */;
			compatibilityVersion = "Xcode 3.2";
			developmentRegion = English;
			hasScannedForEncodings = 0;
			knownRegions = (
				en,
				Base,
			);
			mainGroup = B2DF73A81D3F0553000D4998;
			productRefGroup = B2DF73B21D3F0553000D4998 /* Products */;
			projectDirPath = "";
			projectRoot = "";
			targets = (
				B2DF73B01D3F0553000D4998 /* teamio */,
				B2DF73C91D3F0553000D4998 /* teamioTests */,
				B2DF73D41D3F0553000D4998 /* teamioUITests */,
			);
		};
/* End PBXProject section */

/* Begin PBXResourcesBuildPhase section */
		B2DF73AF1D3F0553000D4998 /* Resources */ = {
			isa = PBXResourcesBuildPhase;
			buildActionMask = 2147483647;
			files = (
				B287FCB01D4088840065F5F2 /* TMIOUserProfileHeaderCell.xib in Resources */,
				B2C118811D4195C700CEF532 /* TMIOActionButtonCell.xib in Resources */,
				B2DF73C41D3F0553000D4998 /* LaunchScreen.storyboard in Resources */,
				B2DF73C11D3F0553000D4998 /* Assets.xcassets in Resources */,
				B28500001D3F332200DC0178 /* secrets.plist in Resources */,
			);
			runOnlyForDeploymentPostprocessing = 0;
		};
		B2DF73C81D3F0553000D4998 /* Resources */ = {
			isa = PBXResourcesBuildPhase;
			buildActionMask = 2147483647;
			files = (
			);
			runOnlyForDeploymentPostprocessing = 0;
		};
		B2DF73D31D3F0553000D4998 /* Resources */ = {
			isa = PBXResourcesBuildPhase;
			buildActionMask = 2147483647;
			files = (
			);
			runOnlyForDeploymentPostprocessing = 0;
		};
/* End PBXResourcesBuildPhase section */

/* Begin PBXShellScriptBuildPhase section */
		05984A5C0A9A667F7F1B0317 /* [CP] Copy Pods Resources */ = {
			isa = PBXShellScriptBuildPhase;
			buildActionMask = 2147483647;
			files = (
			);
			inputPaths = (
			);
			name = "[CP] Copy Pods Resources";
			outputPaths = (
			);
			runOnlyForDeploymentPostprocessing = 0;
			shellPath = /bin/sh;
			shellScript = "\"${SRCROOT}/Pods/Target Support Files/Pods-teamio/Pods-teamio-resources.sh\"\n";
			showEnvVarsInLog = 0;
		};
		1191F09EF2C750125E463B76 /* [CP] Embed Pods Frameworks */ = {
			isa = PBXShellScriptBuildPhase;
			buildActionMask = 2147483647;
			files = (
			);
			inputPaths = (
			);
			name = "[CP] Embed Pods Frameworks";
			outputPaths = (
			);
			runOnlyForDeploymentPostprocessing = 0;
			shellPath = /bin/sh;
			shellScript = "\"${SRCROOT}/Pods/Target Support Files/Pods-teamioTests/Pods-teamioTests-frameworks.sh\"\n";
			showEnvVarsInLog = 0;
		};
		1D68C28EDCA00C85072A9C53 /* [CP] Check Pods Manifest.lock */ = {
			isa = PBXShellScriptBuildPhase;
			buildActionMask = 2147483647;
			files = (
			);
			inputPaths = (
			);
			name = "[CP] Check Pods Manifest.lock";
			outputPaths = (
			);
			runOnlyForDeploymentPostprocessing = 0;
			shellPath = /bin/sh;
			shellScript = "diff \"${PODS_ROOT}/../Podfile.lock\" \"${PODS_ROOT}/Manifest.lock\" > /dev/null\nif [[ $? != 0 ]] ; then\n    cat << EOM\nerror: The sandbox is not in sync with the Podfile.lock. Run 'pod install' or update your CocoaPods installation.\nEOM\n    exit 1\nfi\n";
			showEnvVarsInLog = 0;
		};
		62A3CEE1F1D48792C9529B3E /* [CP] Copy Pods Resources */ = {
			isa = PBXShellScriptBuildPhase;
			buildActionMask = 2147483647;
			files = (
			);
			inputPaths = (
			);
			name = "[CP] Copy Pods Resources";
			outputPaths = (
			);
			runOnlyForDeploymentPostprocessing = 0;
			shellPath = /bin/sh;
			shellScript = "\"${SRCROOT}/Pods/Target Support Files/Pods-teamioUITests/Pods-teamioUITests-resources.sh\"\n";
			showEnvVarsInLog = 0;
		};
		6F825744EFFD5CA692134744 /* [CP] Embed Pods Frameworks */ = {
			isa = PBXShellScriptBuildPhase;
			buildActionMask = 2147483647;
			files = (
			);
			inputPaths = (
			);
			name = "[CP] Embed Pods Frameworks";
			outputPaths = (
			);
			runOnlyForDeploymentPostprocessing = 0;
			shellPath = /bin/sh;
			shellScript = "\"${SRCROOT}/Pods/Target Support Files/Pods-teamio/Pods-teamio-frameworks.sh\"\n";
			showEnvVarsInLog = 0;
		};
		783FD5C96FE47506392E0DA8 /* [CP] Check Pods Manifest.lock */ = {
			isa = PBXShellScriptBuildPhase;
			buildActionMask = 2147483647;
			files = (
			);
			inputPaths = (
			);
			name = "[CP] Check Pods Manifest.lock";
			outputPaths = (
			);
			runOnlyForDeploymentPostprocessing = 0;
			shellPath = /bin/sh;
			shellScript = "diff \"${PODS_ROOT}/../Podfile.lock\" \"${PODS_ROOT}/Manifest.lock\" > /dev/null\nif [[ $? != 0 ]] ; then\n    cat << EOM\nerror: The sandbox is not in sync with the Podfile.lock. Run 'pod install' or update your CocoaPods installation.\nEOM\n    exit 1\nfi\n";
			showEnvVarsInLog = 0;
		};
		DE60D034A1D1686A0DBF2879 /* [CP] Copy Pods Resources */ = {
			isa = PBXShellScriptBuildPhase;
			buildActionMask = 2147483647;
			files = (
			);
			inputPaths = (
			);
			name = "[CP] Copy Pods Resources";
			outputPaths = (
			);
			runOnlyForDeploymentPostprocessing = 0;
			shellPath = /bin/sh;
			shellScript = "\"${SRCROOT}/Pods/Target Support Files/Pods-teamioTests/Pods-teamioTests-resources.sh\"\n";
			showEnvVarsInLog = 0;
		};
		FFECA0028C8C058D39B626B9 /* [CP] Check Pods Manifest.lock */ = {
			isa = PBXShellScriptBuildPhase;
			buildActionMask = 2147483647;
			files = (
			);
			inputPaths = (
			);
			name = "[CP] Check Pods Manifest.lock";
			outputPaths = (
			);
			runOnlyForDeploymentPostprocessing = 0;
			shellPath = /bin/sh;
			shellScript = "diff \"${PODS_ROOT}/../Podfile.lock\" \"${PODS_ROOT}/Manifest.lock\" > /dev/null\nif [[ $? != 0 ]] ; then\n    cat << EOM\nerror: The sandbox is not in sync with the Podfile.lock. Run 'pod install' or update your CocoaPods installation.\nEOM\n    exit 1\nfi\n";
			showEnvVarsInLog = 0;
		};
/* End PBXShellScriptBuildPhase section */

/* Begin PBXSourcesBuildPhase section */
		B2DF73AD1D3F0553000D4998 /* Sources */ = {
			isa = PBXSourcesBuildPhase;
			buildActionMask = 2147483647;
			files = (
				B287FCAF1D4088840065F5F2 /* TMIOUserProfileHeaderCell.m in Sources */,
				B287FCB71D40A2CE0065F5F2 /* AFHTTPSessionManager+TMIO.m in Sources */,
				B2DF73BC1D3F0553000D4998 /* TMIOUserListViewController.m in Sources */,
				B2DF73B91D3F0553000D4998 /* TMIOAppDelegate.m in Sources */,
				B2E4FEBE1D3F49030044FD8C /* Model.xcdatamodeld in Sources */,
				B28500031D3F375F00DC0178 /* TMIOUserProfileViewController.m in Sources */,
				B287FCAB1D405E050065F5F2 /* TMIOUser.m in Sources */,
				B2DF73B61D3F0553000D4998 /* main.m in Sources */,
				B2C118801D4195C700CEF532 /* TMIOActionButtonCell.m in Sources */,
				B287FCAA1D405E050065F5F2 /* TMIOUser+CoreDataProperties.m in Sources */,
			);
			runOnlyForDeploymentPostprocessing = 0;
		};
		B2DF73C61D3F0553000D4998 /* Sources */ = {
			isa = PBXSourcesBuildPhase;
			buildActionMask = 2147483647;
			files = (
				B2DF73CF1D3F0553000D4998 /* teamioTests.m in Sources */,
			);
			runOnlyForDeploymentPostprocessing = 0;
		};
		B2DF73D11D3F0553000D4998 /* Sources */ = {
			isa = PBXSourcesBuildPhase;
			buildActionMask = 2147483647;
			files = (
				B2DF73DA1D3F0553000D4998 /* teamioUITests.m in Sources */,
			);
			runOnlyForDeploymentPostprocessing = 0;
		};
/* End PBXSourcesBuildPhase section */

/* Begin PBXTargetDependency section */
		B2DF73CC1D3F0553000D4998 /* PBXTargetDependency */ = {
			isa = PBXTargetDependency;
			target = B2DF73B01D3F0553000D4998 /* teamio */;
			targetProxy = B2DF73CB1D3F0553000D4998 /* PBXContainerItemProxy */;
		};
		B2DF73D71D3F0553000D4998 /* PBXTargetDependency */ = {
			isa = PBXTargetDependency;
			target = B2DF73B01D3F0553000D4998 /* teamio */;
			targetProxy = B2DF73D61D3F0553000D4998 /* PBXContainerItemProxy */;
		};
/* End PBXTargetDependency section */

/* Begin PBXVariantGroup section */
		B2DF73C21D3F0553000D4998 /* LaunchScreen.storyboard */ = {
			isa = PBXVariantGroup;
			children = (
				B2DF73C31D3F0553000D4998 /* Base */,
			);
			name = LaunchScreen.storyboard;
			sourceTree = "<group>";
		};
/* End PBXVariantGroup section */

/* Begin XCBuildConfiguration section */
		B2DF73DC1D3F0553000D4998 /* Debug */ = {
			isa = XCBuildConfiguration;
			buildSettings = {
				ALWAYS_SEARCH_USER_PATHS = NO;
				CLANG_ANALYZER_NONNULL = YES;
				CLANG_CXX_LANGUAGE_STANDARD = "gnu++0x";
				CLANG_CXX_LIBRARY = "libc++";
				CLANG_ENABLE_MODULES = YES;
				CLANG_ENABLE_OBJC_ARC = YES;
				CLANG_WARN_BOOL_CONVERSION = YES;
				CLANG_WARN_CONSTANT_CONVERSION = YES;
				CLANG_WARN_DIRECT_OBJC_ISA_USAGE = YES_ERROR;
				CLANG_WARN_EMPTY_BODY = YES;
				CLANG_WARN_ENUM_CONVERSION = YES;
				CLANG_WARN_INT_CONVERSION = YES;
				CLANG_WARN_OBJC_ROOT_CLASS = YES_ERROR;
				CLANG_WARN_UNREACHABLE_CODE = YES;
				CLANG_WARN__DUPLICATE_METHOD_MATCH = YES;
				"CODE_SIGN_IDENTITY[sdk=iphoneos*]" = "iPhone Developer";
				COPY_PHASE_STRIP = NO;
				DEBUG_INFORMATION_FORMAT = dwarf;
				ENABLE_STRICT_OBJC_MSGSEND = YES;
				ENABLE_TESTABILITY = YES;
				GCC_C_LANGUAGE_STANDARD = gnu99;
				GCC_DYNAMIC_NO_PIC = NO;
				GCC_NO_COMMON_BLOCKS = YES;
				GCC_OPTIMIZATION_LEVEL = 0;
				GCC_PREPROCESSOR_DEFINITIONS = (
					"DEBUG=1",
					"$(inherited)",
				);
				GCC_WARN_64_TO_32_BIT_CONVERSION = YES;
				GCC_WARN_ABOUT_RETURN_TYPE = YES_ERROR;
				GCC_WARN_UNDECLARED_SELECTOR = YES;
				GCC_WARN_UNINITIALIZED_AUTOS = YES_AGGRESSIVE;
				GCC_WARN_UNUSED_FUNCTION = YES;
				GCC_WARN_UNUSED_VARIABLE = YES;
				IPHONEOS_DEPLOYMENT_TARGET = 9.3;
				MTL_ENABLE_DEBUG_INFO = YES;
				ONLY_ACTIVE_ARCH = YES;
				SDKROOT = iphoneos;
				TARGETED_DEVICE_FAMILY = "1,2";
			};
			name = Debug;
		};
		B2DF73DD1D3F0553000D4998 /* Release */ = {
			isa = XCBuildConfiguration;
			buildSettings = {
				ALWAYS_SEARCH_USER_PATHS = NO;
				CLANG_ANALYZER_NONNULL = YES;
				CLANG_CXX_LANGUAGE_STANDARD = "gnu++0x";
				CLANG_CXX_LIBRARY = "libc++";
				CLANG_ENABLE_MODULES = YES;
				CLANG_ENABLE_OBJC_ARC = YES;
				CLANG_WARN_BOOL_CONVERSION = YES;
				CLANG_WARN_CONSTANT_CONVERSION = YES;
				CLANG_WARN_DIRECT_OBJC_ISA_USAGE = YES_ERROR;
				CLANG_WARN_EMPTY_BODY = YES;
				CLANG_WARN_ENUM_CONVERSION = YES;
				CLANG_WARN_INT_CONVERSION = YES;
				CLANG_WARN_OBJC_ROOT_CLASS = YES_ERROR;
				CLANG_WARN_UNREACHABLE_CODE = YES;
				CLANG_WARN__DUPLICATE_METHOD_MATCH = YES;
				"CODE_SIGN_IDENTITY[sdk=iphoneos*]" = "iPhone Developer";
				COPY_PHASE_STRIP = NO;
				DEBUG_INFORMATION_FORMAT = "dwarf-with-dsym";
				ENABLE_NS_ASSERTIONS = NO;
				ENABLE_STRICT_OBJC_MSGSEND = YES;
				GCC_C_LANGUAGE_STANDARD = gnu99;
				GCC_NO_COMMON_BLOCKS = YES;
				GCC_WARN_64_TO_32_BIT_CONVERSION = YES;
				GCC_WARN_ABOUT_RETURN_TYPE = YES_ERROR;
				GCC_WARN_UNDECLARED_SELECTOR = YES;
				GCC_WARN_UNINITIALIZED_AUTOS = YES_AGGRESSIVE;
				GCC_WARN_UNUSED_FUNCTION = YES;
				GCC_WARN_UNUSED_VARIABLE = YES;
				IPHONEOS_DEPLOYMENT_TARGET = 9.3;
				MTL_ENABLE_DEBUG_INFO = NO;
				SDKROOT = iphoneos;
				TARGETED_DEVICE_FAMILY = "1,2";
				VALIDATE_PRODUCT = YES;
			};
			name = Release;
		};
		B2DF73DF1D3F0553000D4998 /* Debug */ = {
			isa = XCBuildConfiguration;
			baseConfigurationReference = 231D904385BDC5B24D3E1BC5 /* Pods-teamio.debug.xcconfig */;
			buildSettings = {
				ASSETCATALOG_COMPILER_APPICON_NAME = AppIcon;
				INFOPLIST_FILE = teamio/Info.plist;
				LD_RUNPATH_SEARCH_PATHS = "$(inherited) @executable_path/Frameworks";
				PRODUCT_BUNDLE_IDENTIFIER = com.newschoololdschool.teamio;
				PRODUCT_NAME = "$(TARGET_NAME)";
			};
			name = Debug;
		};
		B2DF73E01D3F0553000D4998 /* Release */ = {
			isa = XCBuildConfiguration;
			baseConfigurationReference = 4A36FC3F7E06AA6C2C821369 /* Pods-teamio.release.xcconfig */;
			buildSettings = {
				ASSETCATALOG_COMPILER_APPICON_NAME = AppIcon;
				INFOPLIST_FILE = teamio/Info.plist;
				LD_RUNPATH_SEARCH_PATHS = "$(inherited) @executable_path/Frameworks";
				PRODUCT_BUNDLE_IDENTIFIER = com.newschoololdschool.teamio;
				PRODUCT_NAME = "$(TARGET_NAME)";
			};
			name = Release;
		};
		B2DF73E21D3F0553000D4998 /* Debug */ = {
			isa = XCBuildConfiguration;
			baseConfigurationReference = 60253A27D78E7660A96CEA03 /* Pods-teamioTests.debug.xcconfig */;
			buildSettings = {
				BUNDLE_LOADER = "$(TEST_HOST)";
				INFOPLIST_FILE = teamioTests/Info.plist;
				LD_RUNPATH_SEARCH_PATHS = "$(inherited) @executable_path/Frameworks @loader_path/Frameworks";
				PRODUCT_BUNDLE_IDENTIFIER = com.newschoololdschool.teamioTests;
				PRODUCT_NAME = "$(TARGET_NAME)";
				TEST_HOST = "$(BUILT_PRODUCTS_DIR)/teamio.app/teamio";
			};
			name = Debug;
		};
		B2DF73E31D3F0553000D4998 /* Release */ = {
			isa = XCBuildConfiguration;
			baseConfigurationReference = C0B00841BE0DEB10DA0CB475 /* Pods-teamioTests.release.xcconfig */;
			buildSettings = {
				BUNDLE_LOADER = "$(TEST_HOST)";
				INFOPLIST_FILE = teamioTests/Info.plist;
				LD_RUNPATH_SEARCH_PATHS = "$(inherited) @executable_path/Frameworks @loader_path/Frameworks";
				PRODUCT_BUNDLE_IDENTIFIER = com.newschoololdschool.teamioTests;
				PRODUCT_NAME = "$(TARGET_NAME)";
				TEST_HOST = "$(BUILT_PRODUCTS_DIR)/teamio.app/teamio";
			};
			name = Release;
		};
		B2DF73E51D3F0553000D4998 /* Debug */ = {
			isa = XCBuildConfiguration;
			baseConfigurationReference = D7D10A8E4CFA1B4D71FDBCEA /* Pods-teamioUITests.debug.xcconfig */;
			buildSettings = {
				INFOPLIST_FILE = teamioUITests/Info.plist;
				LD_RUNPATH_SEARCH_PATHS = "$(inherited) @executable_path/Frameworks @loader_path/Frameworks";
				PRODUCT_BUNDLE_IDENTIFIER = com.newschoololdschool.teamioUITests;
				PRODUCT_NAME = "$(TARGET_NAME)";
				TEST_TARGET_NAME = teamio;
			};
			name = Debug;
		};
		B2DF73E61D3F0553000D4998 /* Release */ = {
			isa = XCBuildConfiguration;
			baseConfigurationReference = C5261362962782C3ED54B8DA /* Pods-teamioUITests.release.xcconfig */;
			buildSettings = {
				INFOPLIST_FILE = teamioUITests/Info.plist;
				LD_RUNPATH_SEARCH_PATHS = "$(inherited) @executable_path/Frameworks @loader_path/Frameworks";
				PRODUCT_BUNDLE_IDENTIFIER = com.newschoololdschool.teamioUITests;
				PRODUCT_NAME = "$(TARGET_NAME)";
				TEST_TARGET_NAME = teamio;
			};
			name = Release;
		};
/* End XCBuildConfiguration section */

/* Begin XCConfigurationList section */
		B2DF73AC1D3F0553000D4998 /* Build configuration list for PBXProject "teamio" */ = {
			isa = XCConfigurationList;
			buildConfigurations = (
				B2DF73DC1D3F0553000D4998 /* Debug */,
				B2DF73DD1D3F0553000D4998 /* Release */,
			);
			defaultConfigurationIsVisible = 0;
			defaultConfigurationName = Release;
		};
		B2DF73DE1D3F0553000D4998 /* Build configuration list for PBXNativeTarget "teamio" */ = {
			isa = XCConfigurationList;
			buildConfigurations = (
				B2DF73DF1D3F0553000D4998 /* Debug */,
				B2DF73E01D3F0553000D4998 /* Release */,
			);
			defaultConfigurationIsVisible = 0;
			defaultConfigurationName = Release;
		};
		B2DF73E11D3F0553000D4998 /* Build configuration list for PBXNativeTarget "teamioTests" */ = {
			isa = XCConfigurationList;
			buildConfigurations = (
				B2DF73E21D3F0553000D4998 /* Debug */,
				B2DF73E31D3F0553000D4998 /* Release */,
			);
			defaultConfigurationIsVisible = 0;
			defaultConfigurationName = Release;
		};
		B2DF73E41D3F0553000D4998 /* Build configuration list for PBXNativeTarget "teamioUITests" */ = {
			isa = XCConfigurationList;
			buildConfigurations = (
				B2DF73E51D3F0553000D4998 /* Debug */,
				B2DF73E61D3F0553000D4998 /* Release */,
			);
			defaultConfigurationIsVisible = 0;
			defaultConfigurationName = Release;
		};
/* End XCConfigurationList section */

/* Begin XCVersionGroup section */
		B2E4FEBC1D3F49030044FD8C /* Model.xcdatamodeld */ = {
			isa = XCVersionGroup;
			children = (
				B2E4FEBD1D3F49030044FD8C /* Model.xcdatamodel */,
			);
			currentVersion = B2E4FEBD1D3F49030044FD8C /* Model.xcdatamodel */;
			name = Model.xcdatamodeld;
			path = Models/Model.xcdatamodeld;
			sourceTree = "<group>";
			versionGroupType = wrapper.xcdatamodel;
		};
/* End XCVersionGroup section */
	};
	rootObject = B2DF73A91D3F0553000D4998 /* Project object */;
}
